
Microsoft Visual Studio Solution File, Format Version 11.00
# Visual Studio 2010
# SharpDevelop 4.3
Project("{FAE04EC0-301F-11D3-BF4B-00C04F79EFBC}") = "Ventana", "Ventana\Ventana.csproj", "{C511DE34-96BB-48A9-A036-CE9E1B9D99D7}"
EndProject
Global
	GlobalSection(SolutionConfigurationPlatforms) = preSolution
		Debug|Any CPU = Debug|Any CPU
		Release|Any CPU = Release|Any CPU
	EndGlobalSection
	GlobalSection(ProjectConfigurationPlatforms) = postSolution
		{C511DE34-96BB-48A9-A036-CE9E1B9D99D7}.Debug|Any CPU.Build.0 = Debug|Any CPU
		{C511DE34-96BB-48A9-A036-CE9E1B9D99D7}.Debug|Any CPU.ActiveCfg = Debug|Any CPU
		{C511DE34-96BB-48A9-A036-CE9E1B9D99D7}.Release|Any CPU.Build.0 = Release|Any CPU
		{C511DE34-96BB-48A9-A036-CE9E1B9D99D7}.Release|Any CPU.ActiveCfg = Release|Any CPU
	EndGlobalSection
EndGlobal
